// !$*UTF8*$!
{
	archiveVersion = 1;
	classes = {
	};
	objectVersion = 46;
	objects = {

/* Begin PBXBuildFile section */
		0F158F2118D21EFA00B34CC7 /* SSB.mp3 in Resources */ = {isa = PBXBuildFile; fileRef = 0F158F2018D21EFA00B34CC7 /* SSB.mp3 */; };
		0F158F2318D21F5B00B34CC7 /* AG.mp3 in Resources */ = {isa = PBXBuildFile; fileRef = 0F158F2218D21F5B00B34CC7 /* AG.mp3 */; };
		0F158F2518D21FA200B34CC7 /* SIR.mp3 in Resources */ = {isa = PBXBuildFile; fileRef = 0F158F2418D21FA200B34CC7 /* SIR.mp3 */; };
		0F158F2818D223E500B34CC7 /* AudioToolbox.framework in Frameworks */ = {isa = PBXBuildFile; fileRef = 0F158F2718D223E500B34CC7 /* AudioToolbox.framework */; };
		0F2188471940FC0C007E68CD /* Localizable.strings in Resources */ = {isa = PBXBuildFile; fileRef = 0F2188461940FC0C007E68CD /* Localizable.strings */; };
		0F76336A1ADDA0C0002D7243 /* IACTabBarController.m in Sources */ = {isa = PBXBuildFile; fileRef = 0F7633691ADDA0C0002D7243 /* IACTabBarController.m */; };
		0F76336D1ADDA428002D7243 /* IACViewController.m in Sources */ = {isa = PBXBuildFile; fileRef = 0F76336C1ADDA428002D7243 /* IACViewController.m */; };
		0F7633771AE00990002D7243 /* IACAboutDequeViewController.m in Sources */ = {isa = PBXBuildFile; fileRef = 0F7633761AE00990002D7243 /* IACAboutDequeViewController.m */; };
		0FE903C91AE7ED2400EC01F1 /* UIFont+DQFont.m in Sources */ = {isa = PBXBuildFile; fileRef = 0FE903B31AE7ED2400EC01F1 /* UIFont+DQFont.m */; };
		0FE903CA1AE7ED2400EC01F1 /* UIView+DQView.m in Sources */ = {isa = PBXBuildFile; fileRef = 0FE903B51AE7ED2400EC01F1 /* UIView+DQView.m */; };
		0FE903CB1AE7ED2400EC01F1 /* DQTabBarController.m in Sources */ = {isa = PBXBuildFile; fileRef = 0FE903B81AE7ED2400EC01F1 /* DQTabBarController.m */; };
		0FE903CC1AE7ED2400EC01F1 /* DQViewController.m in Sources */ = {isa = PBXBuildFile; fileRef = 0FE903BA1AE7ED2400EC01F1 /* DQViewController.m */; };
		0FE903CD1AE7ED2400EC01F1 /* DQLog.m in Sources */ = {isa = PBXBuildFile; fileRef = 0FE903BD1AE7ED2400EC01F1 /* DQLog.m */; };
		0FE903CE1AE7ED2400EC01F1 /* DQButton.m in Sources */ = {isa = PBXBuildFile; fileRef = 0FE903C01AE7ED2400EC01F1 /* DQButton.m */; };
		0FE903CF1AE7ED2400EC01F1 /* DQLabel.m in Sources */ = {isa = PBXBuildFile; fileRef = 0FE903C21AE7ED2400EC01F1 /* DQLabel.m */; };
		0FE903D01AE7ED2400EC01F1 /* DQTextField.m in Sources */ = {isa = PBXBuildFile; fileRef = 0FE903C41AE7ED2400EC01F1 /* DQTextField.m */; };
		0FE903D11AE7ED2400EC01F1 /* DQTextView.m in Sources */ = {isa = PBXBuildFile; fileRef = 0FE903C61AE7ED2400EC01F1 /* DQTextView.m */; };
		0FE903D21AE7ED2400EC01F1 /* DQWrapperView.m in Sources */ = {isa = PBXBuildFile; fileRef = 0FE903C81AE7ED2400EC01F1 /* DQWrapperView.m */; };
		0FEB4B8D1AC9C73300F372F8 /* CoreData.framework in Frameworks */ = {isa = PBXBuildFile; fileRef = 0FEB4B8C1AC9C73300F372F8 /* CoreData.framework */; };
		0FEB4B8F1AC9C73E00F372F8 /* SystemConfiguration.framework in Frameworks */ = {isa = PBXBuildFile; fileRef = 0FEB4B8E1AC9C73E00F372F8 /* SystemConfiguration.framework */; };
		0FEB4B911AC9C74900F372F8 /* libz.dylib in Frameworks */ = {isa = PBXBuildFile; fileRef = 0FEB4B901AC9C74900F372F8 /* libz.dylib */; };
		0FEB4B931AC9C75300F372F8 /* libsqlite3.dylib in Frameworks */ = {isa = PBXBuildFile; fileRef = 0FEB4B921AC9C75300F372F8 /* libsqlite3.dylib */; };
		0FEFA4E41ADC58A100D87A45 /* Storyboard.storyboard in Resources */ = {isa = PBXBuildFile; fileRef = 0FEFA4E31ADC58A100D87A45 /* Storyboard.storyboard */; };
		0FEFA7CA1ADD49E000D87A45 /* IACStoryTableViewController.m in Sources */ = {isa = PBXBuildFile; fileRef = 0FEFA7C91ADD49E000D87A45 /* IACStoryTableViewController.m */; };
		0FEFA7CD1ADD4EE500D87A45 /* IACSplitViewController.m in Sources */ = {isa = PBXBuildFile; fileRef = 0FEFA7CC1ADD4EE500D87A45 /* IACSplitViewController.m */; };
		2BCEC1C71B14E2B200EA5605 /* UIColor+DQColor.m in Sources */ = {isa = PBXBuildFile; fileRef = 2BCEC1C61B14E2B200EA5605 /* UIColor+DQColor.m */; };
		2BCEC1C91B14E4D400EA5605 /* IFVBrokenViewControllerTests.m in Sources */ = {isa = PBXBuildFile; fileRef = 2BCEC1C81B14E4D400EA5605 /* IFVBrokenViewControllerTests.m */; };
		2BCEC1D31B18F31700EA5605 /* IACModalDialogueFixedViewController_test.m in Sources */ = {isa = PBXBuildFile; fileRef = 2BCEC1D21B18F31700EA5605 /* IACModalDialogueFixedViewController_test.m */; };
		2BCEC1D61B190ED600EA5605 /* IACModalDialogueBrokenViewController_test.m in Sources */ = {isa = PBXBuildFile; fileRef = 2BCEC1D51B190ED600EA5605 /* IACModalDialogueBrokenViewController_test.m */; };
		A300EEAD1AF3CDAD003507B6 /* IACLabelBrokenViewController_test.m in Sources */ = {isa = PBXBuildFile; fileRef = A300EEAC1AF3CDAD003507B6 /* IACLabelBrokenViewController_test.m */; };
		A300EEAF1AF3CDC2003507B6 /* IACLabelFixedViewController_test.m in Sources */ = {isa = PBXBuildFile; fileRef = A300EEAE1AF3CDC2003507B6 /* IACLabelFixedViewController_test.m */; };
		A9A7B0F5192E4C40001FB256 /* IACTraitsBrokenViewController.m in Sources */ = {isa = PBXBuildFile; fileRef = A9A7B0F4192E4C40001FB256 /* IACTraitsBrokenViewController.m */; };
		A9AE2DFE18AC014500D33C6B /* IACLabelBrokenViewController.m in Sources */ = {isa = PBXBuildFile; fileRef = A9AE2DFD18AC014500D33C6B /* IACLabelBrokenViewController.m */; };
		A9AE2E0118AC017E00D33C6B /* IACHintBrokenViewController.m in Sources */ = {isa = PBXBuildFile; fileRef = A9AE2E0018AC017E00D33C6B /* IACHintBrokenViewController.m */; };
		A9AE2E0418AC01AE00D33C6B /* IACLabelFixedViewController.m in Sources */ = {isa = PBXBuildFile; fileRef = A9AE2E0318AC01AE00D33C6B /* IACLabelFixedViewController.m */; };
		A9AE2E0718AC022C00D33C6B /* IACHintFixedViewController.m in Sources */ = {isa = PBXBuildFile; fileRef = A9AE2E0618AC022C00D33C6B /* IACHintFixedViewController.m */; };
		A9D013C318A2DD4700DC6496 /* Foundation.framework in Frameworks */ = {isa = PBXBuildFile; fileRef = A9D013C218A2DD4700DC6496 /* Foundation.framework */; };
		A9D013C518A2DD4700DC6496 /* CoreGraphics.framework in Frameworks */ = {isa = PBXBuildFile; fileRef = A9D013C418A2DD4700DC6496 /* CoreGraphics.framework */; };
		A9D013C718A2DD4700DC6496 /* UIKit.framework in Frameworks */ = {isa = PBXBuildFile; fileRef = A9D013C618A2DD4700DC6496 /* UIKit.framework */; };
		A9D013CF18A2DD4700DC6496 /* main.m in Sources */ = {isa = PBXBuildFile; fileRef = A9D013CE18A2DD4700DC6496 /* main.m */; };
		A9D013D318A2DD4700DC6496 /* DQAppDelegate.m in Sources */ = {isa = PBXBuildFile; fileRef = A9D013D218A2DD4700DC6496 /* DQAppDelegate.m */; };
		A9D013D518A2DD4700DC6496 /* Images.xcassets in Resources */ = {isa = PBXBuildFile; fileRef = A9D013D418A2DD4700DC6496 /* Images.xcassets */; };
		A9D013DC18A2DD4700DC6496 /* XCTest.framework in Frameworks */ = {isa = PBXBuildFile; fileRef = A9D013DB18A2DD4700DC6496 /* XCTest.framework */; };
		A9D013DD18A2DD4700DC6496 /* Foundation.framework in Frameworks */ = {isa = PBXBuildFile; fileRef = A9D013C218A2DD4700DC6496 /* Foundation.framework */; };
		A9D013DE18A2DD4700DC6496 /* UIKit.framework in Frameworks */ = {isa = PBXBuildFile; fileRef = A9D013C618A2DD4700DC6496 /* UIKit.framework */; };
		A9D013E618A2DD4700DC6496 /* InfoPlist.strings in Resources */ = {isa = PBXBuildFile; fileRef = A9D013E418A2DD4700DC6496 /* InfoPlist.strings */; };
		A9F1672A192E522500B37FFB /* IACTraitsFixedViewController.m in Sources */ = {isa = PBXBuildFile; fileRef = A9F16729192E522500B37FFB /* IACTraitsFixedViewController.m */; };
		EE64E1E11AFA5CBD00D09B4D /* DQUtilities.m in Sources */ = {isa = PBXBuildFile; fileRef = EE64E1E01AFA5CBD00D09B4D /* DQUtilities.m */; };
		EE64E1E51AFA633B00D09B4D /* libGoogleAnalyticsServices.a in Frameworks */ = {isa = PBXBuildFile; fileRef = EE64E1E41AFA633B00D09B4D /* libGoogleAnalyticsServices.a */; };
		EE64E1E71AFAADED00D09B4D /* IACHintBrokenViewController_test.m in Sources */ = {isa = PBXBuildFile; fileRef = EE64E1E61AFAADED00D09B4D /* IACHintBrokenViewController_test.m */; };
		EE8F89B31B0541DC00B8601C /* IACUtilities.m in Sources */ = {isa = PBXBuildFile; fileRef = EE8F89B21B0541DC00B8601C /* IACUtilities.m */; };
		EE8F8A061B06796300B8601C /* IACDynamicNotificationsBrokenViewController.m in Sources */ = {isa = PBXBuildFile; fileRef = EE8F8A031B06796300B8601C /* IACDynamicNotificationsBrokenViewController.m */; };
		EE8F8A071B06796300B8601C /* IACDynamicNotificationsFixedViewController.m in Sources */ = {isa = PBXBuildFile; fileRef = EE8F8A051B06796300B8601C /* IACDynamicNotificationsFixedViewController.m */; };
		EE8F8A681B06844300B8601C /* AppDelegate.m in Sources */ = {isa = PBXBuildFile; fileRef = EE8F8A491B06844300B8601C /* AppDelegate.m */; };
		EE8F8A6B1B06844300B8601C /* CustomIOS7AlertView.m in Sources */ = {isa = PBXBuildFile; fileRef = EE8F8A4F1B06844300B8601C /* CustomIOS7AlertView.m */; };
		EE8F8A721B06844300B8601C /* IFVBrokenViewController.m in Sources */ = {isa = PBXBuildFile; fileRef = EE8F8A5D1B06844300B8601C /* IFVBrokenViewController.m */; };
		EE8F8A7B1B0686E600B8601C /* FormsValidation.storyboard in Resources */ = {isa = PBXBuildFile; fileRef = EE8F8A7A1B0686E600B8601C /* FormsValidation.storyboard */; };
		EE8F8A7E1B068EBF00B8601C /* IFVBestViewControllerTests.m in Sources */ = {isa = PBXBuildFile; fileRef = EE8F8A7C1B068DC600B8601C /* IFVBestViewControllerTests.m */; };
		EE8F8A7F1B068F6100B8601C /* IFVFixedViewController.m in Sources */ = {isa = PBXBuildFile; fileRef = EE8F8A5F1B06844300B8601C /* IFVFixedViewController.m */; };
		EE99B0B31B0264A000D5774F /* IACHintFixedViewController_test.m in Sources */ = {isa = PBXBuildFile; fileRef = EE99B0B21B0264A000D5774F /* IACHintFixedViewController_test.m */; };
		EE99B0B51B02855B00D5774F /* IACTraitsBrokenViewController_test.m in Sources */ = {isa = PBXBuildFile; fileRef = EE99B0B41B02855B00D5774F /* IACTraitsBrokenViewController_test.m */; };
		EE99B0B71B02A09F00D5774F /* IACTraitsFixedViewController_test.m in Sources */ = {isa = PBXBuildFile; fileRef = EE99B0B61B02A09F00D5774F /* IACTraitsFixedViewController_test.m */; };
		EE99B0BD1B02A2BF00D5774F /* IACDynamicNotificationsBrokenViewController_test.m in Sources */ = {isa = PBXBuildFile; fileRef = EE99B0BC1B02A2BF00D5774F /* IACDynamicNotificationsBrokenViewController_test.m */; };
		EE99B0BF1B02A2D300D5774F /* IACDynamicNotificationsFixedViewController_test.m in Sources */ = {isa = PBXBuildFile; fileRef = EE99B0BE1B02A2D300D5774F /* IACDynamicNotificationsFixedViewController_test.m */; };
		EEB558F21B0F9456002FBE67 /* IACTableViewCell.m in Sources */ = {isa = PBXBuildFile; fileRef = EEB558F11B0F9456002FBE67 /* IACTableViewCell.m */; };
		EEB558F51B150324002FBE67 /* ModalDialog.storyboard in Resources */ = {isa = PBXBuildFile; fileRef = EEB558F41B150324002FBE67 /* ModalDialog.storyboard */; };
		EECB13C71B150D4B00809C96 /* IACModalDialogBrokenViewController.m in Sources */ = {isa = PBXBuildFile; fileRef = EECB13C61B150D4B00809C96 /* IACModalDialogBrokenViewController.m */; };
		EECB13CA1B150E1100809C96 /* IACModalDialogFixedViewController.m in Sources */ = {isa = PBXBuildFile; fileRef = EECB13C91B150E1100809C96 /* IACModalDialogFixedViewController.m */; };
		EECB13D51B176F3700809C96 /* TopBarContrast.storyboard in Resources */ = {isa = PBXBuildFile; fileRef = EECB13D41B176F3700809C96 /* TopBarContrast.storyboard */; };
		EED64DC01AF8149E000AF3F1 /* DynamicNotifications.storyboard in Resources */ = {isa = PBXBuildFile; fileRef = EED64DBF1AF8149E000AF3F1 /* DynamicNotifications.storyboard */; };
/* End PBXBuildFile section */

/* Begin PBXContainerItemProxy section */
		A9D013DF18A2DD4700DC6496 /* PBXContainerItemProxy */ = {
			isa = PBXContainerItemProxy;
			containerPortal = A9D013B718A2DD4700DC6496 /* Project object */;
			proxyType = 1;
			remoteGlobalIDString = A9D013BE18A2DD4700DC6496;
			remoteInfo = iosFireEyesInstructions;
		};
/* End PBXContainerItemProxy section */

/* Begin PBXFileReference section */
		0F158F2018D21EFA00B34CC7 /* SSB.mp3 */ = {isa = PBXFileReference; lastKnownFileType = audio.mp3; path = SSB.mp3; sourceTree = "<group>"; };
		0F158F2218D21F5B00B34CC7 /* AG.mp3 */ = {isa = PBXFileReference; lastKnownFileType = audio.mp3; path = AG.mp3; sourceTree = "<group>"; };
		0F158F2418D21FA200B34CC7 /* SIR.mp3 */ = {isa = PBXFileReference; lastKnownFileType = audio.mp3; path = SIR.mp3; sourceTree = "<group>"; };
		0F158F2718D223E500B34CC7 /* AudioToolbox.framework */ = {isa = PBXFileReference; lastKnownFileType = wrapper.framework; name = AudioToolbox.framework; path = System/Library/Frameworks/AudioToolbox.framework; sourceTree = SDKROOT; };
		0F2188461940FC0C007E68CD /* Localizable.strings */ = {isa = PBXFileReference; fileEncoding = 4; lastKnownFileType = text.plist.strings; path = Localizable.strings; sourceTree = "<group>"; };
		0F7633681ADDA0C0002D7243 /* IACTabBarController.h */ = {isa = PBXFileReference; fileEncoding = 4; lastKnownFileType = sourcecode.c.h; path = IACTabBarController.h; sourceTree = "<group>"; };
		0F7633691ADDA0C0002D7243 /* IACTabBarController.m */ = {isa = PBXFileReference; fileEncoding = 4; lastKnownFileType = sourcecode.c.objc; path = IACTabBarController.m; sourceTree = "<group>"; };
		0F76336B1ADDA428002D7243 /* IACViewController.h */ = {isa = PBXFileReference; fileEncoding = 4; lastKnownFileType = sourcecode.c.h; path = IACViewController.h; sourceTree = "<group>"; };
		0F76336C1ADDA428002D7243 /* IACViewController.m */ = {isa = PBXFileReference; fileEncoding = 4; lastKnownFileType = sourcecode.c.objc; path = IACViewController.m; sourceTree = "<group>"; };
		0F7633751AE00990002D7243 /* IACAboutDequeViewController.h */ = {isa = PBXFileReference; fileEncoding = 4; lastKnownFileType = sourcecode.c.h; path = IACAboutDequeViewController.h; sourceTree = "<group>"; };
		0F7633761AE00990002D7243 /* IACAboutDequeViewController.m */ = {isa = PBXFileReference; fileEncoding = 4; lastKnownFileType = sourcecode.c.objc; path = IACAboutDequeViewController.m; sourceTree = "<group>"; };
		0FE903B21AE7ED2400EC01F1 /* UIFont+DQFont.h */ = {isa = PBXFileReference; fileEncoding = 4; lastKnownFileType = sourcecode.c.h; path = "UIFont+DQFont.h"; sourceTree = "<group>"; };
		0FE903B31AE7ED2400EC01F1 /* UIFont+DQFont.m */ = {isa = PBXFileReference; fileEncoding = 4; lastKnownFileType = sourcecode.c.objc; path = "UIFont+DQFont.m"; sourceTree = "<group>"; };
		0FE903B41AE7ED2400EC01F1 /* UIView+DQView.h */ = {isa = PBXFileReference; fileEncoding = 4; lastKnownFileType = sourcecode.c.h; path = "UIView+DQView.h"; sourceTree = "<group>"; };
		0FE903B51AE7ED2400EC01F1 /* UIView+DQView.m */ = {isa = PBXFileReference; fileEncoding = 4; lastKnownFileType = sourcecode.c.objc; path = "UIView+DQView.m"; sourceTree = "<group>"; };
		0FE903B71AE7ED2400EC01F1 /* DQTabBarController.h */ = {isa = PBXFileReference; fileEncoding = 4; lastKnownFileType = sourcecode.c.h; path = DQTabBarController.h; sourceTree = "<group>"; };
		0FE903B81AE7ED2400EC01F1 /* DQTabBarController.m */ = {isa = PBXFileReference; fileEncoding = 4; lastKnownFileType = sourcecode.c.objc; path = DQTabBarController.m; sourceTree = "<group>"; };
		0FE903B91AE7ED2400EC01F1 /* DQViewController.h */ = {isa = PBXFileReference; fileEncoding = 4; lastKnownFileType = sourcecode.c.h; path = DQViewController.h; sourceTree = "<group>"; };
		0FE903BA1AE7ED2400EC01F1 /* DQViewController.m */ = {isa = PBXFileReference; fileEncoding = 4; lastKnownFileType = sourcecode.c.objc; path = DQViewController.m; sourceTree = "<group>"; };
		0FE903BB1AE7ED2400EC01F1 /* DQConstants.h */ = {isa = PBXFileReference; fileEncoding = 4; lastKnownFileType = sourcecode.c.h; path = DQConstants.h; sourceTree = "<group>"; };
		0FE903BC1AE7ED2400EC01F1 /* DQLog.h */ = {isa = PBXFileReference; fileEncoding = 4; lastKnownFileType = sourcecode.c.h; path = DQLog.h; sourceTree = "<group>"; };
		0FE903BD1AE7ED2400EC01F1 /* DQLog.m */ = {isa = PBXFileReference; fileEncoding = 4; lastKnownFileType = sourcecode.c.objc; path = DQLog.m; sourceTree = "<group>"; };
		0FE903BF1AE7ED2400EC01F1 /* DQButton.h */ = {isa = PBXFileReference; fileEncoding = 4; lastKnownFileType = sourcecode.c.h; path = DQButton.h; sourceTree = "<group>"; };
		0FE903C01AE7ED2400EC01F1 /* DQButton.m */ = {isa = PBXFileReference; fileEncoding = 4; lastKnownFileType = sourcecode.c.objc; path = DQButton.m; sourceTree = "<group>"; };
		0FE903C11AE7ED2400EC01F1 /* DQLabel.h */ = {isa = PBXFileReference; fileEncoding = 4; lastKnownFileType = sourcecode.c.h; path = DQLabel.h; sourceTree = "<group>"; };
		0FE903C21AE7ED2400EC01F1 /* DQLabel.m */ = {isa = PBXFileReference; fileEncoding = 4; lastKnownFileType = sourcecode.c.objc; path = DQLabel.m; sourceTree = "<group>"; };
		0FE903C31AE7ED2400EC01F1 /* DQTextField.h */ = {isa = PBXFileReference; fileEncoding = 4; lastKnownFileType = sourcecode.c.h; path = DQTextField.h; sourceTree = "<group>"; };
		0FE903C41AE7ED2400EC01F1 /* DQTextField.m */ = {isa = PBXFileReference; fileEncoding = 4; lastKnownFileType = sourcecode.c.objc; path = DQTextField.m; sourceTree = "<group>"; };
		0FE903C51AE7ED2400EC01F1 /* DQTextView.h */ = {isa = PBXFileReference; fileEncoding = 4; lastKnownFileType = sourcecode.c.h; path = DQTextView.h; sourceTree = "<group>"; };
		0FE903C61AE7ED2400EC01F1 /* DQTextView.m */ = {isa = PBXFileReference; fileEncoding = 4; lastKnownFileType = sourcecode.c.objc; path = DQTextView.m; sourceTree = "<group>"; };
		0FE903C71AE7ED2400EC01F1 /* DQWrapperView.h */ = {isa = PBXFileReference; fileEncoding = 4; lastKnownFileType = sourcecode.c.h; path = DQWrapperView.h; sourceTree = "<group>"; };
		0FE903C81AE7ED2400EC01F1 /* DQWrapperView.m */ = {isa = PBXFileReference; fileEncoding = 4; lastKnownFileType = sourcecode.c.objc; path = DQWrapperView.m; sourceTree = "<group>"; };
		0FEB4B8C1AC9C73300F372F8 /* CoreData.framework */ = {isa = PBXFileReference; lastKnownFileType = wrapper.framework; name = CoreData.framework; path = System/Library/Frameworks/CoreData.framework; sourceTree = SDKROOT; };
		0FEB4B8E1AC9C73E00F372F8 /* SystemConfiguration.framework */ = {isa = PBXFileReference; lastKnownFileType = wrapper.framework; name = SystemConfiguration.framework; path = System/Library/Frameworks/SystemConfiguration.framework; sourceTree = SDKROOT; };
		0FEB4B901AC9C74900F372F8 /* libz.dylib */ = {isa = PBXFileReference; lastKnownFileType = "compiled.mach-o.dylib"; name = libz.dylib; path = usr/lib/libz.dylib; sourceTree = SDKROOT; };
		0FEB4B921AC9C75300F372F8 /* libsqlite3.dylib */ = {isa = PBXFileReference; lastKnownFileType = "compiled.mach-o.dylib"; name = libsqlite3.dylib; path = usr/lib/libsqlite3.dylib; sourceTree = SDKROOT; };
		0FEB4BA11AC9C7F000F372F8 /* GAI.h */ = {isa = PBXFileReference; fileEncoding = 4; lastKnownFileType = sourcecode.c.h; path = GAI.h; sourceTree = "<group>"; };
		0FEB4BA21AC9C7F000F372F8 /* GAIDictionaryBuilder.h */ = {isa = PBXFileReference; fileEncoding = 4; lastKnownFileType = sourcecode.c.h; path = GAIDictionaryBuilder.h; sourceTree = "<group>"; };
		0FEB4BA31AC9C7F000F372F8 /* GAIEcommerceFields.h */ = {isa = PBXFileReference; fileEncoding = 4; lastKnownFileType = sourcecode.c.h; path = GAIEcommerceFields.h; sourceTree = "<group>"; };
		0FEB4BA41AC9C7F000F372F8 /* GAIEcommerceProduct.h */ = {isa = PBXFileReference; fileEncoding = 4; lastKnownFileType = sourcecode.c.h; path = GAIEcommerceProduct.h; sourceTree = "<group>"; };
		0FEB4BA51AC9C7F000F372F8 /* GAIEcommerceProductAction.h */ = {isa = PBXFileReference; fileEncoding = 4; lastKnownFileType = sourcecode.c.h; path = GAIEcommerceProductAction.h; sourceTree = "<group>"; };
		0FEB4BA61AC9C7F000F372F8 /* GAIEcommercePromotion.h */ = {isa = PBXFileReference; fileEncoding = 4; lastKnownFileType = sourcecode.c.h; path = GAIEcommercePromotion.h; sourceTree = "<group>"; };
		0FEB4BA71AC9C7F000F372F8 /* GAIFields.h */ = {isa = PBXFileReference; fileEncoding = 4; lastKnownFileType = sourcecode.c.h; path = GAIFields.h; sourceTree = "<group>"; };
		0FEB4BA81AC9C7F000F372F8 /* GAILogger.h */ = {isa = PBXFileReference; fileEncoding = 4; lastKnownFileType = sourcecode.c.h; path = GAILogger.h; sourceTree = "<group>"; };
		0FEB4BA91AC9C7F000F372F8 /* GAITrackedViewController.h */ = {isa = PBXFileReference; fileEncoding = 4; lastKnownFileType = sourcecode.c.h; path = GAITrackedViewController.h; sourceTree = "<group>"; };
		0FEB4BAA1AC9C7F000F372F8 /* GAITracker.h */ = {isa = PBXFileReference; fileEncoding = 4; lastKnownFileType = sourcecode.c.h; path = GAITracker.h; sourceTree = "<group>"; };
		0FEFA4E31ADC58A100D87A45 /* Storyboard.storyboard */ = {isa = PBXFileReference; fileEncoding = 4; lastKnownFileType = file.storyboard; path = Storyboard.storyboard; sourceTree = "<group>"; };
		0FEFA7C81ADD49E000D87A45 /* IACStoryTableViewController.h */ = {isa = PBXFileReference; fileEncoding = 4; lastKnownFileType = sourcecode.c.h; path = IACStoryTableViewController.h; sourceTree = "<group>"; };
		0FEFA7C91ADD49E000D87A45 /* IACStoryTableViewController.m */ = {isa = PBXFileReference; fileEncoding = 4; lastKnownFileType = sourcecode.c.objc; path = IACStoryTableViewController.m; sourceTree = "<group>"; };
		0FEFA7CB1ADD4EE500D87A45 /* IACSplitViewController.h */ = {isa = PBXFileReference; fileEncoding = 4; lastKnownFileType = sourcecode.c.h; path = IACSplitViewController.h; sourceTree = "<group>"; };
		0FEFA7CC1ADD4EE500D87A45 /* IACSplitViewController.m */ = {isa = PBXFileReference; fileEncoding = 4; lastKnownFileType = sourcecode.c.objc; path = IACSplitViewController.m; sourceTree = "<group>"; };
		2BCEC1C51B14E2B200EA5605 /* UIColor+DQColor.h */ = {isa = PBXFileReference; fileEncoding = 4; lastKnownFileType = sourcecode.c.h; path = "UIColor+DQColor.h"; sourceTree = "<group>"; };
		2BCEC1C61B14E2B200EA5605 /* UIColor+DQColor.m */ = {isa = PBXFileReference; fileEncoding = 4; lastKnownFileType = sourcecode.c.objc; path = "UIColor+DQColor.m"; sourceTree = "<group>"; };
		2BCEC1C81B14E4D400EA5605 /* IFVBrokenViewControllerTests.m */ = {isa = PBXFileReference; fileEncoding = 4; lastKnownFileType = sourcecode.c.objc; path = IFVBrokenViewControllerTests.m; sourceTree = "<group>"; };
		2BCEC1D21B18F31700EA5605 /* IACModalDialogueFixedViewController_test.m */ = {isa = PBXFileReference; fileEncoding = 4; lastKnownFileType = sourcecode.c.objc; path = IACModalDialogueFixedViewController_test.m; sourceTree = "<group>"; };
		2BCEC1D51B190ED600EA5605 /* IACModalDialogueBrokenViewController_test.m */ = {isa = PBXFileReference; fileEncoding = 4; lastKnownFileType = sourcecode.c.objc; path = IACModalDialogueBrokenViewController_test.m; sourceTree = "<group>"; };
		A300EEAC1AF3CDAD003507B6 /* IACLabelBrokenViewController_test.m */ = {isa = PBXFileReference; fileEncoding = 4; lastKnownFileType = sourcecode.c.objc; path = IACLabelBrokenViewController_test.m; sourceTree = "<group>"; };
		A300EEAE1AF3CDC2003507B6 /* IACLabelFixedViewController_test.m */ = {isa = PBXFileReference; fileEncoding = 4; lastKnownFileType = sourcecode.c.objc; path = IACLabelFixedViewController_test.m; sourceTree = "<group>"; };
		A9A7B0F3192E4C40001FB256 /* IACTraitsBrokenViewController.h */ = {isa = PBXFileReference; fileEncoding = 4; lastKnownFileType = sourcecode.c.h; name = IACTraitsBrokenViewController.h; path = iosFireEyesInstructions/IACTraitsBrokenViewController.h; sourceTree = "<group>"; };
		A9A7B0F4192E4C40001FB256 /* IACTraitsBrokenViewController.m */ = {isa = PBXFileReference; fileEncoding = 4; lastKnownFileType = sourcecode.c.objc; name = IACTraitsBrokenViewController.m; path = iosFireEyesInstructions/IACTraitsBrokenViewController.m; sourceTree = "<group>"; };
		A9AE2DFC18AC014500D33C6B /* IACLabelBrokenViewController.h */ = {isa = PBXFileReference; fileEncoding = 4; lastKnownFileType = sourcecode.c.h; name = IACLabelBrokenViewController.h; path = iosFireEyesInstructions/IACLabelBrokenViewController.h; sourceTree = "<group>"; };
		A9AE2DFD18AC014500D33C6B /* IACLabelBrokenViewController.m */ = {isa = PBXFileReference; fileEncoding = 4; lastKnownFileType = sourcecode.c.objc; name = IACLabelBrokenViewController.m; path = iosFireEyesInstructions/IACLabelBrokenViewController.m; sourceTree = "<group>"; };
		A9AE2DFF18AC017E00D33C6B /* IACHintBrokenViewController.h */ = {isa = PBXFileReference; fileEncoding = 4; lastKnownFileType = sourcecode.c.h; name = IACHintBrokenViewController.h; path = iosFireEyesInstructions/IACHintBrokenViewController.h; sourceTree = "<group>"; };
		A9AE2E0018AC017E00D33C6B /* IACHintBrokenViewController.m */ = {isa = PBXFileReference; fileEncoding = 4; lastKnownFileType = sourcecode.c.objc; name = IACHintBrokenViewController.m; path = iosFireEyesInstructions/IACHintBrokenViewController.m; sourceTree = "<group>"; };
		A9AE2E0218AC01AE00D33C6B /* IACLabelFixedViewController.h */ = {isa = PBXFileReference; fileEncoding = 4; lastKnownFileType = sourcecode.c.h; name = IACLabelFixedViewController.h; path = iosFireEyesInstructions/IACLabelFixedViewController.h; sourceTree = "<group>"; };
		A9AE2E0318AC01AE00D33C6B /* IACLabelFixedViewController.m */ = {isa = PBXFileReference; fileEncoding = 4; lastKnownFileType = sourcecode.c.objc; name = IACLabelFixedViewController.m; path = iosFireEyesInstructions/IACLabelFixedViewController.m; sourceTree = "<group>"; };
		A9AE2E0518AC022C00D33C6B /* IACHintFixedViewController.h */ = {isa = PBXFileReference; fileEncoding = 4; lastKnownFileType = sourcecode.c.h; name = IACHintFixedViewController.h; path = iosFireEyesInstructions/IACHintFixedViewController.h; sourceTree = "<group>"; };
		A9AE2E0618AC022C00D33C6B /* IACHintFixedViewController.m */ = {isa = PBXFileReference; fileEncoding = 4; lastKnownFileType = sourcecode.c.objc; name = IACHintFixedViewController.m; path = iosFireEyesInstructions/IACHintFixedViewController.m; sourceTree = "<group>"; };
		A9D013BF18A2DD4700DC6496 /* Accessibility 101.app */ = {isa = PBXFileReference; explicitFileType = wrapper.application; includeInIndex = 0; path = "Accessibility 101.app"; sourceTree = BUILT_PRODUCTS_DIR; };
		A9D013C218A2DD4700DC6496 /* Foundation.framework */ = {isa = PBXFileReference; lastKnownFileType = wrapper.framework; name = Foundation.framework; path = System/Library/Frameworks/Foundation.framework; sourceTree = SDKROOT; };
		A9D013C418A2DD4700DC6496 /* CoreGraphics.framework */ = {isa = PBXFileReference; lastKnownFileType = wrapper.framework; name = CoreGraphics.framework; path = System/Library/Frameworks/CoreGraphics.framework; sourceTree = SDKROOT; };
		A9D013C618A2DD4700DC6496 /* UIKit.framework */ = {isa = PBXFileReference; lastKnownFileType = wrapper.framework; name = UIKit.framework; path = System/Library/Frameworks/UIKit.framework; sourceTree = SDKROOT; };
		A9D013CA18A2DD4700DC6496 /* Accessibility 101-Info.plist */ = {isa = PBXFileReference; lastKnownFileType = text.plist.xml; path = "Accessibility 101-Info.plist"; sourceTree = "<group>"; };
		A9D013CE18A2DD4700DC6496 /* main.m */ = {isa = PBXFileReference; lastKnownFileType = sourcecode.c.objc; path = main.m; sourceTree = "<group>"; };
		A9D013D018A2DD4700DC6496 /* Accessibility 101-Prefix.pch */ = {isa = PBXFileReference; lastKnownFileType = sourcecode.c.h; path = "Accessibility 101-Prefix.pch"; sourceTree = "<group>"; };
		A9D013D118A2DD4700DC6496 /* DQAppDelegate.h */ = {isa = PBXFileReference; lastKnownFileType = sourcecode.c.h; name = DQAppDelegate.h; path = iosFireEyesInstructions/DQAppDelegate.h; sourceTree = "<group>"; };
		A9D013D218A2DD4700DC6496 /* DQAppDelegate.m */ = {isa = PBXFileReference; lastKnownFileType = sourcecode.c.objc; name = DQAppDelegate.m; path = iosFireEyesInstructions/DQAppDelegate.m; sourceTree = "<group>"; };
		A9D013D418A2DD4700DC6496 /* Images.xcassets */ = {isa = PBXFileReference; lastKnownFileType = folder.assetcatalog; path = Images.xcassets; sourceTree = "<group>"; };
		A9D013DA18A2DD4700DC6496 /* Accessibility 101Tests.xctest */ = {isa = PBXFileReference; explicitFileType = wrapper.cfbundle; includeInIndex = 0; path = "Accessibility 101Tests.xctest"; sourceTree = BUILT_PRODUCTS_DIR; };
		A9D013DB18A2DD4700DC6496 /* XCTest.framework */ = {isa = PBXFileReference; lastKnownFileType = wrapper.framework; name = XCTest.framework; path = Library/Frameworks/XCTest.framework; sourceTree = DEVELOPER_DIR; };
		A9D013E318A2DD4700DC6496 /* Accessibility 101Tests-Info.plist */ = {isa = PBXFileReference; lastKnownFileType = text.plist.xml; path = "Accessibility 101Tests-Info.plist"; sourceTree = "<group>"; };
		A9D013E518A2DD4700DC6496 /* en */ = {isa = PBXFileReference; lastKnownFileType = text.plist.strings; name = en; path = en.lproj/InfoPlist.strings; sourceTree = "<group>"; };
		A9F16728192E522500B37FFB /* IACTraitsFixedViewController.h */ = {isa = PBXFileReference; fileEncoding = 4; lastKnownFileType = sourcecode.c.h; name = IACTraitsFixedViewController.h; path = iosFireEyesInstructions/IACTraitsFixedViewController.h; sourceTree = "<group>"; };
		A9F16729192E522500B37FFB /* IACTraitsFixedViewController.m */ = {isa = PBXFileReference; fileEncoding = 4; lastKnownFileType = sourcecode.c.objc; name = IACTraitsFixedViewController.m; path = iosFireEyesInstructions/IACTraitsFixedViewController.m; sourceTree = "<group>"; };
		EE64E1DF1AFA5C8D00D09B4D /* DQUtilities.h */ = {isa = PBXFileReference; lastKnownFileType = sourcecode.c.h; name = DQUtilities.h; path = ../DQUtilities.h; sourceTree = "<group>"; };
		EE64E1E01AFA5CBD00D09B4D /* DQUtilities.m */ = {isa = PBXFileReference; fileEncoding = 4; lastKnownFileType = sourcecode.c.objc; path = DQUtilities.m; sourceTree = "<group>"; };
		EE64E1E41AFA633B00D09B4D /* libGoogleAnalyticsServices.a */ = {isa = PBXFileReference; lastKnownFileType = archive.ar; path = libGoogleAnalyticsServices.a; sourceTree = "<group>"; };
		EE64E1E61AFAADED00D09B4D /* IACHintBrokenViewController_test.m */ = {isa = PBXFileReference; fileEncoding = 4; lastKnownFileType = sourcecode.c.objc; path = IACHintBrokenViewController_test.m; sourceTree = "<group>"; };
		EE8F89B11B0541DC00B8601C /* IACUtilities.h */ = {isa = PBXFileReference; fileEncoding = 4; lastKnownFileType = sourcecode.c.h; path = IACUtilities.h; sourceTree = "<group>"; };
		EE8F89B21B0541DC00B8601C /* IACUtilities.m */ = {isa = PBXFileReference; fileEncoding = 4; lastKnownFileType = sourcecode.c.objc; path = IACUtilities.m; sourceTree = "<group>"; };
		EE8F8A021B06796300B8601C /* IACDynamicNotificationsBrokenViewController.h */ = {isa = PBXFileReference; fileEncoding = 4; lastKnownFileType = sourcecode.c.h; path = IACDynamicNotificationsBrokenViewController.h; sourceTree = "<group>"; };
		EE8F8A031B06796300B8601C /* IACDynamicNotificationsBrokenViewController.m */ = {isa = PBXFileReference; fileEncoding = 4; lastKnownFileType = sourcecode.c.objc; path = IACDynamicNotificationsBrokenViewController.m; sourceTree = "<group>"; };
		EE8F8A041B06796300B8601C /* IACDynamicNotificationsFixedViewController.h */ = {isa = PBXFileReference; fileEncoding = 4; lastKnownFileType = sourcecode.c.h; path = IACDynamicNotificationsFixedViewController.h; sourceTree = "<group>"; };
		EE8F8A051B06796300B8601C /* IACDynamicNotificationsFixedViewController.m */ = {isa = PBXFileReference; fileEncoding = 4; lastKnownFileType = sourcecode.c.objc; path = IACDynamicNotificationsFixedViewController.m; sourceTree = "<group>"; };
		EE8F8A481B06844300B8601C /* AppDelegate.h */ = {isa = PBXFileReference; fileEncoding = 4; lastKnownFileType = sourcecode.c.h; name = AppDelegate.h; path = iOSFormsDemo/AppDelegate.h; sourceTree = "<group>"; };
		EE8F8A491B06844300B8601C /* AppDelegate.m */ = {isa = PBXFileReference; fileEncoding = 4; lastKnownFileType = sourcecode.c.objc; name = AppDelegate.m; path = iOSFormsDemo/AppDelegate.m; sourceTree = "<group>"; };
		EE8F8A4E1B06844300B8601C /* CustomIOS7AlertView.h */ = {isa = PBXFileReference; fileEncoding = 4; lastKnownFileType = sourcecode.c.h; name = CustomIOS7AlertView.h; path = ../iOSFormsDemo/CustomIOS7AlertView.h; sourceTree = "<group>"; };
		EE8F8A4F1B06844300B8601C /* CustomIOS7AlertView.m */ = {isa = PBXFileReference; fileEncoding = 4; lastKnownFileType = sourcecode.c.objc; name = CustomIOS7AlertView.m; path = ../iOSFormsDemo/CustomIOS7AlertView.m; sourceTree = "<group>"; };
		EE8F8A5C1B06844300B8601C /* IFVBrokenViewController.h */ = {isa = PBXFileReference; fileEncoding = 4; lastKnownFileType = sourcecode.c.h; name = IFVBrokenViewController.h; path = iOSFormsDemo/IFVBrokenViewController.h; sourceTree = "<group>"; };
		EE8F8A5D1B06844300B8601C /* IFVBrokenViewController.m */ = {isa = PBXFileReference; fileEncoding = 4; lastKnownFileType = sourcecode.c.objc; name = IFVBrokenViewController.m; path = iOSFormsDemo/IFVBrokenViewController.m; sourceTree = "<group>"; };
		EE8F8A5E1B06844300B8601C /* IFVFixedViewController.h */ = {isa = PBXFileReference; fileEncoding = 4; lastKnownFileType = sourcecode.c.h; name = IFVFixedViewController.h; path = iOSFormsDemo/IFVFixedViewController.h; sourceTree = "<group>"; };
		EE8F8A5F1B06844300B8601C /* IFVFixedViewController.m */ = {isa = PBXFileReference; fileEncoding = 4; lastKnownFileType = sourcecode.c.objc; name = IFVFixedViewController.m; path = iOSFormsDemo/IFVFixedViewController.m; sourceTree = "<group>"; };
		EE8F8A7A1B0686E600B8601C /* FormsValidation.storyboard */ = {isa = PBXFileReference; fileEncoding = 4; lastKnownFileType = file.storyboard; name = FormsValidation.storyboard; path = iOSFormsDemo/FormsValidation.storyboard; sourceTree = "<group>"; };
		EE8F8A7C1B068DC600B8601C /* IFVBestViewControllerTests.m */ = {isa = PBXFileReference; fileEncoding = 4; lastKnownFileType = sourcecode.c.objc; path = IFVBestViewControllerTests.m; sourceTree = "<group>"; };
		EE8F8AB61B0A813300B8601C /* IACConstants.h */ = {isa = PBXFileReference; lastKnownFileType = sourcecode.c.h; path = IACConstants.h; sourceTree = "<group>"; };
		EE99B0B21B0264A000D5774F /* IACHintFixedViewController_test.m */ = {isa = PBXFileReference; fileEncoding = 4; lastKnownFileType = sourcecode.c.objc; path = IACHintFixedViewController_test.m; sourceTree = "<group>"; };
		EE99B0B41B02855B00D5774F /* IACTraitsBrokenViewController_test.m */ = {isa = PBXFileReference; fileEncoding = 4; lastKnownFileType = sourcecode.c.objc; path = IACTraitsBrokenViewController_test.m; sourceTree = "<group>"; };
		EE99B0B61B02A09F00D5774F /* IACTraitsFixedViewController_test.m */ = {isa = PBXFileReference; fileEncoding = 4; lastKnownFileType = sourcecode.c.objc; path = IACTraitsFixedViewController_test.m; sourceTree = "<group>"; };
		EE99B0BC1B02A2BF00D5774F /* IACDynamicNotificationsBrokenViewController_test.m */ = {isa = PBXFileReference; fileEncoding = 4; lastKnownFileType = sourcecode.c.objc; path = IACDynamicNotificationsBrokenViewController_test.m; sourceTree = "<group>"; };
		EE99B0BE1B02A2D300D5774F /* IACDynamicNotificationsFixedViewController_test.m */ = {isa = PBXFileReference; fileEncoding = 4; lastKnownFileType = sourcecode.c.objc; path = IACDynamicNotificationsFixedViewController_test.m; sourceTree = "<group>"; };
		EE99B0C11B03A63600D5774F /* DEQAsserts.h */ = {isa = PBXFileReference; lastKnownFileType = sourcecode.c.h; path = DEQAsserts.h; sourceTree = "<group>"; };
		EEB558F01B0F9456002FBE67 /* IACTableViewCell.h */ = {isa = PBXFileReference; fileEncoding = 4; lastKnownFileType = sourcecode.c.h; path = IACTableViewCell.h; sourceTree = "<group>"; };
		EEB558F11B0F9456002FBE67 /* IACTableViewCell.m */ = {isa = PBXFileReference; fileEncoding = 4; lastKnownFileType = sourcecode.c.objc; path = IACTableViewCell.m; sourceTree = "<group>"; };
		EEB558F41B150324002FBE67 /* ModalDialog.storyboard */ = {isa = PBXFileReference; fileEncoding = 4; lastKnownFileType = file.storyboard; path = ModalDialog.storyboard; sourceTree = "<group>"; };
		EECB13C51B150D4B00809C96 /* IACModalDialogBrokenViewController.h */ = {isa = PBXFileReference; fileEncoding = 4; lastKnownFileType = sourcecode.c.h; path = IACModalDialogBrokenViewController.h; sourceTree = "<group>"; };
		EECB13C61B150D4B00809C96 /* IACModalDialogBrokenViewController.m */ = {isa = PBXFileReference; fileEncoding = 4; lastKnownFileType = sourcecode.c.objc; path = IACModalDialogBrokenViewController.m; sourceTree = "<group>"; };
		EECB13C81B150E1100809C96 /* IACModalDialogFixedViewController.h */ = {isa = PBXFileReference; fileEncoding = 4; lastKnownFileType = sourcecode.c.h; path = IACModalDialogFixedViewController.h; sourceTree = "<group>"; };
		EECB13C91B150E1100809C96 /* IACModalDialogFixedViewController.m */ = {isa = PBXFileReference; fileEncoding = 4; lastKnownFileType = sourcecode.c.objc; path = IACModalDialogFixedViewController.m; sourceTree = "<group>"; };
		EECB13D41B176F3700809C96 /* TopBarContrast.storyboard */ = {isa = PBXFileReference; fileEncoding = 4; lastKnownFileType = file.storyboard; path = TopBarContrast.storyboard; sourceTree = "<group>"; };
		EED64DBF1AF8149E000AF3F1 /* DynamicNotifications.storyboard */ = {isa = PBXFileReference; fileEncoding = 4; lastKnownFileType = file.storyboard; path = DynamicNotifications.storyboard; sourceTree = "<group>"; };
/* End PBXFileReference section */

/* Begin PBXFrameworksBuildPhase section */
		A9D013BC18A2DD4700DC6496 /* Frameworks */ = {
			isa = PBXFrameworksBuildPhase;
			buildActionMask = 2147483647;
			files = (
				0FEB4B931AC9C75300F372F8 /* libsqlite3.dylib in Frameworks */,
				0FEB4B911AC9C74900F372F8 /* libz.dylib in Frameworks */,
				EE64E1E51AFA633B00D09B4D /* libGoogleAnalyticsServices.a in Frameworks */,
				0FEB4B8F1AC9C73E00F372F8 /* SystemConfiguration.framework in Frameworks */,
				0FEB4B8D1AC9C73300F372F8 /* CoreData.framework in Frameworks */,
				0F158F2818D223E500B34CC7 /* AudioToolbox.framework in Frameworks */,
				A9D013C518A2DD4700DC6496 /* CoreGraphics.framework in Frameworks */,
				A9D013C718A2DD4700DC6496 /* UIKit.framework in Frameworks */,
				A9D013C318A2DD4700DC6496 /* Foundation.framework in Frameworks */,
			);
			runOnlyForDeploymentPostprocessing = 0;
		};
		A9D013D718A2DD4700DC6496 /* Frameworks */ = {
			isa = PBXFrameworksBuildPhase;
			buildActionMask = 2147483647;
			files = (
				A9D013DC18A2DD4700DC6496 /* XCTest.framework in Frameworks */,
				A9D013DE18A2DD4700DC6496 /* UIKit.framework in Frameworks */,
				A9D013DD18A2DD4700DC6496 /* Foundation.framework in Frameworks */,
			);
			runOnlyForDeploymentPostprocessing = 0;
		};
/* End PBXFrameworksBuildPhase section */

/* Begin PBXGroup section */
		0F158F2618D21FB200B34CC7 /* Music */ = {
			isa = PBXGroup;
			children = (
				0F158F2418D21FA200B34CC7 /* SIR.mp3 */,
				0F158F2018D21EFA00B34CC7 /* SSB.mp3 */,
				0F158F2218D21F5B00B34CC7 /* AG.mp3 */,
			);
			name = Music;
			sourceTree = "<group>";
		};
		0F7633741AE00966002D7243 /* Introduction */ = {
			isa = PBXGroup;
			children = (
				0F7633751AE00990002D7243 /* IACAboutDequeViewController.h */,
				0F7633761AE00990002D7243 /* IACAboutDequeViewController.m */,
			);
			name = Introduction;
			sourceTree = "<group>";
		};
		0FE903B01AE7ED2400EC01F1 /* DQA11yFramework */ = {
			isa = PBXGroup;
			children = (
				0FE903B11AE7ED2400EC01F1 /* Categories */,
				0FE903B61AE7ED2400EC01F1 /* Controllers */,
				0FE903BB1AE7ED2400EC01F1 /* DQConstants.h */,
				EE64E1DF1AFA5C8D00D09B4D /* DQUtilities.h */,
				EE64E1E01AFA5CBD00D09B4D /* DQUtilities.m */,
				0FE903BC1AE7ED2400EC01F1 /* DQLog.h */,
				0FE903BD1AE7ED2400EC01F1 /* DQLog.m */,
				0FE903BE1AE7ED2400EC01F1 /* Views */,
			);
			path = DQA11yFramework;
			sourceTree = "<group>";
		};
		0FE903B11AE7ED2400EC01F1 /* Categories */ = {
			isa = PBXGroup;
			children = (
				0FE903B21AE7ED2400EC01F1 /* UIFont+DQFont.h */,
				0FE903B31AE7ED2400EC01F1 /* UIFont+DQFont.m */,
				2BCEC1C51B14E2B200EA5605 /* UIColor+DQColor.h */,
				2BCEC1C61B14E2B200EA5605 /* UIColor+DQColor.m */,
				0FE903B41AE7ED2400EC01F1 /* UIView+DQView.h */,
				0FE903B51AE7ED2400EC01F1 /* UIView+DQView.m */,
			);
			path = Categories;
			sourceTree = "<group>";
		};
		0FE903B61AE7ED2400EC01F1 /* Controllers */ = {
			isa = PBXGroup;
			children = (
				0FE903B71AE7ED2400EC01F1 /* DQTabBarController.h */,
				0FE903B81AE7ED2400EC01F1 /* DQTabBarController.m */,
				0FE903B91AE7ED2400EC01F1 /* DQViewController.h */,
				0FE903BA1AE7ED2400EC01F1 /* DQViewController.m */,
			);
			path = Controllers;
			sourceTree = "<group>";
		};
		0FE903BE1AE7ED2400EC01F1 /* Views */ = {
			isa = PBXGroup;
			children = (
				0FE903BF1AE7ED2400EC01F1 /* DQButton.h */,
				0FE903C01AE7ED2400EC01F1 /* DQButton.m */,
				0FE903C11AE7ED2400EC01F1 /* DQLabel.h */,
				0FE903C21AE7ED2400EC01F1 /* DQLabel.m */,
				0FE903C31AE7ED2400EC01F1 /* DQTextField.h */,
				0FE903C41AE7ED2400EC01F1 /* DQTextField.m */,
				0FE903C51AE7ED2400EC01F1 /* DQTextView.h */,
				0FE903C61AE7ED2400EC01F1 /* DQTextView.m */,
				0FE903C71AE7ED2400EC01F1 /* DQWrapperView.h */,
				0FE903C81AE7ED2400EC01F1 /* DQWrapperView.m */,
			);
			path = Views;
			sourceTree = "<group>";
		};
		0FEB4B811AC9C64A00F372F8 /* Include */ = {
			isa = PBXGroup;
			children = (
				0FEB4BA11AC9C7F000F372F8 /* GAI.h */,
				0FEB4BA21AC9C7F000F372F8 /* GAIDictionaryBuilder.h */,
				0FEB4BA31AC9C7F000F372F8 /* GAIEcommerceFields.h */,
				0FEB4BA41AC9C7F000F372F8 /* GAIEcommerceProduct.h */,
				0FEB4BA51AC9C7F000F372F8 /* GAIEcommerceProductAction.h */,
				0FEB4BA61AC9C7F000F372F8 /* GAIEcommercePromotion.h */,
				0FEB4BA71AC9C7F000F372F8 /* GAIFields.h */,
				0FEB4BA81AC9C7F000F372F8 /* GAILogger.h */,
				0FEB4BA91AC9C7F000F372F8 /* GAITrackedViewController.h */,
				0FEB4BAA1AC9C7F000F372F8 /* GAITracker.h */,
			);
			name = Include;
			path = ..;
			sourceTree = "<group>";
		};
		0FEB4C211ACB0F5000F372F8 /* Accessibility 101 */ = {
			isa = PBXGroup;
			children = (
				0FEFA4E31ADC58A100D87A45 /* Storyboard.storyboard */,
				A9D013D118A2DD4700DC6496 /* DQAppDelegate.h */,
				A9D013D218A2DD4700DC6496 /* DQAppDelegate.m */,
				EE8F8AB61B0A813300B8601C /* IACConstants.h */,
				0F76336B1ADDA428002D7243 /* IACViewController.h */,
				0F76336C1ADDA428002D7243 /* IACViewController.m */,
				0FEFA7CB1ADD4EE500D87A45 /* IACSplitViewController.h */,
				0FEFA7CC1ADD4EE500D87A45 /* IACSplitViewController.m */,
				EEB558F01B0F9456002FBE67 /* IACTableViewCell.h */,
				EEB558F11B0F9456002FBE67 /* IACTableViewCell.m */,
				0FEFA7C81ADD49E000D87A45 /* IACStoryTableViewController.h */,
				0FEFA7C91ADD49E000D87A45 /* IACStoryTableViewController.m */,
				EE8F89B11B0541DC00B8601C /* IACUtilities.h */,
				EE8F89B21B0541DC00B8601C /* IACUtilities.m */,
				0F7633681ADDA0C0002D7243 /* IACTabBarController.h */,
				0F7633691ADDA0C0002D7243 /* IACTabBarController.m */,
				0F7633741AE00966002D7243 /* Introduction */,
				A9C21AF6193E64DE00F80821 /* Labels */,
				A9C21AF7193E64FB00F80821 /* Hints */,
				A9C21AF8193E651B00F80821 /* Traits */,
				EED64D9D1AF80910000AF3F1 /* Dynamic Notifications */,
				EE8F8A461B06842A00B8601C /* Forms Validation */,
				EEB558F31B1502F1002FBE67 /* Modal Dialog */,
				EECB13D61B176F3B00809C96 /* Top Bar Contrast */,
				0FE903B01AE7ED2400EC01F1 /* DQA11yFramework */,
				A9D013C918A2DD4700DC6496 /* Supporting Files */,
			);
			name = "Accessibility 101";
			sourceTree = "<group>";
		};
		2BCEC1D41B18F32300EA5605 /* Modal Dialouge */ = {
			isa = PBXGroup;
			children = (
				2BCEC1D21B18F31700EA5605 /* IACModalDialogueFixedViewController_test.m */,
				2BCEC1D51B190ED600EA5605 /* IACModalDialogueBrokenViewController_test.m */,
			);
			name = "Modal Dialouge";
			sourceTree = "<group>";
		};
		A300EEAB1AF3CD82003507B6 /* Categories */ = {
			isa = PBXGroup;
			children = (
				EE99B0B81B02A24900D5774F /* Labels */,
				EE99B0B91B02A25A00D5774F /* Hints */,
				EE99B0BA1B02A26200D5774F /* Traits */,
				EE99B0BB1B02A26800D5774F /* Dynamic Notifications */,
				2BCEC1D41B18F32300EA5605 /* Modal Dialouge */,
				EE8F8A801B0A1E1600B8601C /* Form Validation */,
				EE99B0C11B03A63600D5774F /* DEQAsserts.h */,
			);
			name = Categories;
			sourceTree = "<group>";
		};
		A9C21AF6193E64DE00F80821 /* Labels */ = {
			isa = PBXGroup;
			children = (
				A9AE2DFC18AC014500D33C6B /* IACLabelBrokenViewController.h */,
				A9AE2DFD18AC014500D33C6B /* IACLabelBrokenViewController.m */,
				A9AE2E0218AC01AE00D33C6B /* IACLabelFixedViewController.h */,
				A9AE2E0318AC01AE00D33C6B /* IACLabelFixedViewController.m */,
			);
			name = Labels;
			sourceTree = "<group>";
		};
		A9C21AF7193E64FB00F80821 /* Hints */ = {
			isa = PBXGroup;
			children = (
				A9AE2DFF18AC017E00D33C6B /* IACHintBrokenViewController.h */,
				A9AE2E0018AC017E00D33C6B /* IACHintBrokenViewController.m */,
				A9AE2E0518AC022C00D33C6B /* IACHintFixedViewController.h */,
				A9AE2E0618AC022C00D33C6B /* IACHintFixedViewController.m */,
			);
			name = Hints;
			sourceTree = "<group>";
		};
		A9C21AF8193E651B00F80821 /* Traits */ = {
			isa = PBXGroup;
			children = (
				A9A7B0F3192E4C40001FB256 /* IACTraitsBrokenViewController.h */,
				A9A7B0F4192E4C40001FB256 /* IACTraitsBrokenViewController.m */,
				A9F16728192E522500B37FFB /* IACTraitsFixedViewController.h */,
				A9F16729192E522500B37FFB /* IACTraitsFixedViewController.m */,
			);
			name = Traits;
			sourceTree = "<group>";
		};
		A9D013B618A2DD4700DC6496 = {
			isa = PBXGroup;
			children = (
				0FEB4C211ACB0F5000F372F8 /* Accessibility 101 */,
				A9D013E118A2DD4700DC6496 /* Accessibility 101 Tests */,
				A9D013C018A2DD4700DC6496 /* Products */,
				A9D013C118A2DD4700DC6496 /* Frameworks */,
			);
			sourceTree = "<group>";
		};
		A9D013C018A2DD4700DC6496 /* Products */ = {
			isa = PBXGroup;
			children = (
				A9D013BF18A2DD4700DC6496 /* Accessibility 101.app */,
				A9D013DA18A2DD4700DC6496 /* Accessibility 101Tests.xctest */,
			);
			name = Products;
			sourceTree = "<group>";
		};
		A9D013C118A2DD4700DC6496 /* Frameworks */ = {
			isa = PBXGroup;
			children = (
				EE64E1E41AFA633B00D09B4D /* libGoogleAnalyticsServices.a */,
				0FEB4B921AC9C75300F372F8 /* libsqlite3.dylib */,
				0FEB4B901AC9C74900F372F8 /* libz.dylib */,
				0FEB4B8E1AC9C73E00F372F8 /* SystemConfiguration.framework */,
				0FEB4B8C1AC9C73300F372F8 /* CoreData.framework */,
				0F158F2718D223E500B34CC7 /* AudioToolbox.framework */,
				A9D013C218A2DD4700DC6496 /* Foundation.framework */,
				A9D013C418A2DD4700DC6496 /* CoreGraphics.framework */,
				A9D013C618A2DD4700DC6496 /* UIKit.framework */,
				A9D013DB18A2DD4700DC6496 /* XCTest.framework */,
			);
			name = Frameworks;
			sourceTree = "<group>";
		};
		A9D013C918A2DD4700DC6496 /* Supporting Files */ = {
			isa = PBXGroup;
			children = (
				0FEB4B811AC9C64A00F372F8 /* Include */,
				0F158F2618D21FB200B34CC7 /* Music */,
				A9D013D418A2DD4700DC6496 /* Images.xcassets */,
				A9D013CA18A2DD4700DC6496 /* Accessibility 101-Info.plist */,
				A9D013CE18A2DD4700DC6496 /* main.m */,
				A9D013D018A2DD4700DC6496 /* Accessibility 101-Prefix.pch */,
				0F2188461940FC0C007E68CD /* Localizable.strings */,
			);
			name = "Supporting Files";
			path = iosFireEyesInstructions;
			sourceTree = "<group>";
		};
		A9D013E118A2DD4700DC6496 /* Accessibility 101 Tests */ = {
			isa = PBXGroup;
			children = (
				A300EEAB1AF3CD82003507B6 /* Categories */,
				A9D013E218A2DD4700DC6496 /* Supporting Files */,
			);
			name = "Accessibility 101 Tests";
			path = iosFireEyesInstructionsTests;
			sourceTree = "<group>";
		};
		A9D013E218A2DD4700DC6496 /* Supporting Files */ = {
			isa = PBXGroup;
			children = (
				A9D013E318A2DD4700DC6496 /* Accessibility 101Tests-Info.plist */,
				A9D013E418A2DD4700DC6496 /* InfoPlist.strings */,
			);
			name = "Supporting Files";
			sourceTree = "<group>";
		};
		EE8F8A461B06842A00B8601C /* Forms Validation */ = {
			isa = PBXGroup;
			children = (
				EE8F8A7A1B0686E600B8601C /* FormsValidation.storyboard */,
				EE8F8A481B06844300B8601C /* AppDelegate.h */,
				EE8F8A491B06844300B8601C /* AppDelegate.m */,
				EE8F8A5C1B06844300B8601C /* IFVBrokenViewController.h */,
				EE8F8A5D1B06844300B8601C /* IFVBrokenViewController.m */,
				EE8F8A5E1B06844300B8601C /* IFVFixedViewController.h */,
				EE8F8A5F1B06844300B8601C /* IFVFixedViewController.m */,
			);
			name = "Forms Validation";
			sourceTree = "<group>";
		};
		EE8F8A801B0A1E1600B8601C /* Form Validation */ = {
			isa = PBXGroup;
			children = (
				EE8F8A7C1B068DC600B8601C /* IFVBestViewControllerTests.m */,
				2BCEC1C81B14E4D400EA5605 /* IFVBrokenViewControllerTests.m */,
			);
			name = "Form Validation";
			sourceTree = "<group>";
		};
		EE99B0B81B02A24900D5774F /* Labels */ = {
			isa = PBXGroup;
			children = (
				A300EEAC1AF3CDAD003507B6 /* IACLabelBrokenViewController_test.m */,
				A300EEAE1AF3CDC2003507B6 /* IACLabelFixedViewController_test.m */,
			);
			name = Labels;
			sourceTree = "<group>";
		};
		EE99B0B91B02A25A00D5774F /* Hints */ = {
			isa = PBXGroup;
			children = (
				EE64E1E61AFAADED00D09B4D /* IACHintBrokenViewController_test.m */,
				EE99B0B21B0264A000D5774F /* IACHintFixedViewController_test.m */,
			);
			name = Hints;
			sourceTree = "<group>";
		};
		EE99B0BA1B02A26200D5774F /* Traits */ = {
			isa = PBXGroup;
			children = (
				EE99B0B41B02855B00D5774F /* IACTraitsBrokenViewController_test.m */,
				EE99B0B61B02A09F00D5774F /* IACTraitsFixedViewController_test.m */,
			);
			name = Traits;
			sourceTree = "<group>";
		};
		EE99B0BB1B02A26800D5774F /* Dynamic Notifications */ = {
			isa = PBXGroup;
			children = (
				EE99B0BC1B02A2BF00D5774F /* IACDynamicNotificationsBrokenViewController_test.m */,
				EE99B0BE1B02A2D300D5774F /* IACDynamicNotificationsFixedViewController_test.m */,
			);
			name = "Dynamic Notifications";
			sourceTree = "<group>";
		};
		EEB558F31B1502F1002FBE67 /* Modal Dialog */ = {
			isa = PBXGroup;
			children = (
				EEB558F41B150324002FBE67 /* ModalDialog.storyboard */,
				EE8F8A4E1B06844300B8601C /* CustomIOS7AlertView.h */,
				EE8F8A4F1B06844300B8601C /* CustomIOS7AlertView.m */,
				EECB13C51B150D4B00809C96 /* IACModalDialogBrokenViewController.h */,
				EECB13C61B150D4B00809C96 /* IACModalDialogBrokenViewController.m */,
				EECB13C81B150E1100809C96 /* IACModalDialogFixedViewController.h */,
				EECB13C91B150E1100809C96 /* IACModalDialogFixedViewController.m */,
			);
			name = "Modal Dialog";
			path = iosFireEyesInstructions;
			sourceTree = "<group>";
		};
		EECB13D61B176F3B00809C96 /* Top Bar Contrast */ = {
			isa = PBXGroup;
			children = (
				EECB13D41B176F3700809C96 /* TopBarContrast.storyboard */,
			);
			name = "Top Bar Contrast";
			path = iosFireEyesInstructions;
			sourceTree = "<group>";
		};
		EED64D9D1AF80910000AF3F1 /* Dynamic Notifications */ = {
			isa = PBXGroup;
			children = (
				EED64DBF1AF8149E000AF3F1 /* DynamicNotifications.storyboard */,
				EE8F8A021B06796300B8601C /* IACDynamicNotificationsBrokenViewController.h */,
				EE8F8A031B06796300B8601C /* IACDynamicNotificationsBrokenViewController.m */,
				EE8F8A041B06796300B8601C /* IACDynamicNotificationsFixedViewController.h */,
				EE8F8A051B06796300B8601C /* IACDynamicNotificationsFixedViewController.m */,
			);
			name = "Dynamic Notifications";
			path = iosFireEyesInstructions;
			sourceTree = "<group>";
		};
/* End PBXGroup section */

/* Begin PBXNativeTarget section */
		A9D013BE18A2DD4700DC6496 /* Accessibility 101 */ = {
			isa = PBXNativeTarget;
			buildConfigurationList = A9D013EB18A2DD4700DC6496 /* Build configuration list for PBXNativeTarget "Accessibility 101" */;
			buildPhases = (
				A9D013BB18A2DD4700DC6496 /* Sources */,
				A9D013BC18A2DD4700DC6496 /* Frameworks */,
				A9D013BD18A2DD4700DC6496 /* Resources */,
				2BCEC1D11B18B0D600EA5605 /* ShellScript */,
			);
			buildRules = (
			);
			dependencies = (
			);
			name = "Accessibility 101";
			productName = iosFireEyesInstructions;
			productReference = A9D013BF18A2DD4700DC6496 /* Accessibility 101.app */;
			productType = "com.apple.product-type.application";
		};
		A9D013D918A2DD4700DC6496 /* Accessibility 101Tests */ = {
			isa = PBXNativeTarget;
			buildConfigurationList = A9D013EE18A2DD4700DC6496 /* Build configuration list for PBXNativeTarget "Accessibility 101Tests" */;
			buildPhases = (
				A9D013D618A2DD4700DC6496 /* Sources */,
				A9D013D718A2DD4700DC6496 /* Frameworks */,
				A9D013D818A2DD4700DC6496 /* Resources */,
			);
			buildRules = (
			);
			dependencies = (
				A9D013E018A2DD4700DC6496 /* PBXTargetDependency */,
			);
			name = "Accessibility 101Tests";
			productName = iosFireEyesInstructionsTests;
			productReference = A9D013DA18A2DD4700DC6496 /* Accessibility 101Tests.xctest */;
			productType = "com.apple.product-type.bundle.unit-test";
		};
/* End PBXNativeTarget section */

/* Begin PBXProject section */
		A9D013B718A2DD4700DC6496 /* Project object */ = {
			isa = PBXProject;
			attributes = {
				CLASSPREFIX = DQ;
				LastUpgradeCheck = 0510;
				ORGANIZATIONNAME = "Deque Systems";
				TargetAttributes = {
					A9D013BE18A2DD4700DC6496 = {
						DevelopmentTeam = 2ZZQGXN669;
					};
					A9D013D918A2DD4700DC6496 = {
						TestTargetID = A9D013BE18A2DD4700DC6496;
					};
				};
			};
			buildConfigurationList = A9D013BA18A2DD4700DC6496 /* Build configuration list for PBXProject "Accessibility 101" */;
			compatibilityVersion = "Xcode 3.2";
			developmentRegion = English;
			hasScannedForEncodings = 0;
			knownRegions = (
				en,
				ja,
				Base,
			);
			mainGroup = A9D013B618A2DD4700DC6496;
			productRefGroup = A9D013C018A2DD4700DC6496 /* Products */;
			projectDirPath = "";
			projectRoot = "";
			targets = (
				A9D013BE18A2DD4700DC6496 /* Accessibility 101 */,
				A9D013D918A2DD4700DC6496 /* Accessibility 101Tests */,
			);
		};
/* End PBXProject section */

/* Begin PBXResourcesBuildPhase section */
		A9D013BD18A2DD4700DC6496 /* Resources */ = {
			isa = PBXResourcesBuildPhase;
			buildActionMask = 2147483647;
			files = (
				0F158F2118D21EFA00B34CC7 /* SSB.mp3 in Resources */,
				0F158F2318D21F5B00B34CC7 /* AG.mp3 in Resources */,
				EECB13D51B176F3700809C96 /* TopBarContrast.storyboard in Resources */,
				EEB558F51B150324002FBE67 /* ModalDialog.storyboard in Resources */,
				0F158F2518D21FA200B34CC7 /* SIR.mp3 in Resources */,
				EE8F8A7B1B0686E600B8601C /* FormsValidation.storyboard in Resources */,
				0F2188471940FC0C007E68CD /* Localizable.strings in Resources */,
				EED64DC01AF8149E000AF3F1 /* DynamicNotifications.storyboard in Resources */,
				0FEFA4E41ADC58A100D87A45 /* Storyboard.storyboard in Resources */,
				A9D013D518A2DD4700DC6496 /* Images.xcassets in Resources */,
			);
			runOnlyForDeploymentPostprocessing = 0;
		};
		A9D013D818A2DD4700DC6496 /* Resources */ = {
			isa = PBXResourcesBuildPhase;
			buildActionMask = 2147483647;
			files = (
				A9D013E618A2DD4700DC6496 /* InfoPlist.strings in Resources */,
			);
			runOnlyForDeploymentPostprocessing = 0;
		};
/* End PBXResourcesBuildPhase section */

/* Begin PBXShellScriptBuildPhase section */
		2BCEC1D11B18B0D600EA5605 /* ShellScript */ = {
			isa = PBXShellScriptBuildPhase;
			buildActionMask = 2147483647;
			files = (
			);
			inputPaths = (
				"$(SRCROOT)/XcodeCoverage/exportenv.sh",
			);
			outputPaths = (
			);
			runOnlyForDeploymentPostprocessing = 0;
			shellPath = /bin/sh;
			shellScript = "";
		};
/* End PBXShellScriptBuildPhase section */

/* Begin PBXSourcesBuildPhase section */
		A9D013BB18A2DD4700DC6496 /* Sources */ = {
			isa = PBXSourcesBuildPhase;
			buildActionMask = 2147483647;
			files = (
				EE8F8A061B06796300B8601C /* IACDynamicNotificationsBrokenViewController.m in Sources */,
				EEB558F21B0F9456002FBE67 /* IACTableViewCell.m in Sources */,
				0F7633771AE00990002D7243 /* IACAboutDequeViewController.m in Sources */,
				A9D013CF18A2DD4700DC6496 /* main.m in Sources */,
				0FE903D21AE7ED2400EC01F1 /* DQWrapperView.m in Sources */,
				EECB13C71B150D4B00809C96 /* IACModalDialogBrokenViewController.m in Sources */,
				EE8F8A721B06844300B8601C /* IFVBrokenViewController.m in Sources */,
				EE8F8A7F1B068F6100B8601C /* IFVFixedViewController.m in Sources */,
				A9A7B0F5192E4C40001FB256 /* IACTraitsBrokenViewController.m in Sources */,
				0FE903CE1AE7ED2400EC01F1 /* DQButton.m in Sources */,
				0FE903CD1AE7ED2400EC01F1 /* DQLog.m in Sources */,
				0FE903CF1AE7ED2400EC01F1 /* DQLabel.m in Sources */,
				0FE903D11AE7ED2400EC01F1 /* DQTextView.m in Sources */,
				A9AE2E0118AC017E00D33C6B /* IACHintBrokenViewController.m in Sources */,
				EECB13CA1B150E1100809C96 /* IACModalDialogFixedViewController.m in Sources */,
				0FE903CB1AE7ED2400EC01F1 /* DQTabBarController.m in Sources */,
				0F76336D1ADDA428002D7243 /* IACViewController.m in Sources */,
				0FE903CC1AE7ED2400EC01F1 /* DQViewController.m in Sources */,
				EE8F8A6B1B06844300B8601C /* CustomIOS7AlertView.m in Sources */,
				EE8F8A681B06844300B8601C /* AppDelegate.m in Sources */,
				2BCEC1C71B14E2B200EA5605 /* UIColor+DQColor.m in Sources */,
				0FEFA7CA1ADD49E000D87A45 /* IACStoryTableViewController.m in Sources */,
				A9D013D318A2DD4700DC6496 /* DQAppDelegate.m in Sources */,
				A9F1672A192E522500B37FFB /* IACTraitsFixedViewController.m in Sources */,
				0FE903D01AE7ED2400EC01F1 /* DQTextField.m in Sources */,
				0FEFA7CD1ADD4EE500D87A45 /* IACSplitViewController.m in Sources */,
				0FE903CA1AE7ED2400EC01F1 /* UIView+DQView.m in Sources */,
				EE8F8A071B06796300B8601C /* IACDynamicNotificationsFixedViewController.m in Sources */,
				0F76336A1ADDA0C0002D7243 /* IACTabBarController.m in Sources */,
				0FE903C91AE7ED2400EC01F1 /* UIFont+DQFont.m in Sources */,
				EE8F89B31B0541DC00B8601C /* IACUtilities.m in Sources */,
				A9AE2DFE18AC014500D33C6B /* IACLabelBrokenViewController.m in Sources */,
				A9AE2E0418AC01AE00D33C6B /* IACLabelFixedViewController.m in Sources */,
				A9AE2E0718AC022C00D33C6B /* IACHintFixedViewController.m in Sources */,
				EE64E1E11AFA5CBD00D09B4D /* DQUtilities.m in Sources */,
			);
			runOnlyForDeploymentPostprocessing = 0;
		};
		A9D013D618A2DD4700DC6496 /* Sources */ = {
			isa = PBXSourcesBuildPhase;
			buildActionMask = 2147483647;
			files = (
				A300EEAD1AF3CDAD003507B6 /* IACLabelBrokenViewController_test.m in Sources */,
				2BCEC1D61B190ED600EA5605 /* IACModalDialogueBrokenViewController_test.m in Sources */,
				A300EEAF1AF3CDC2003507B6 /* IACLabelFixedViewController_test.m in Sources */,
				EE64E1E71AFAADED00D09B4D /* IACHintBrokenViewController_test.m in Sources */,
				EE99B0B31B0264A000D5774F /* IACHintFixedViewController_test.m in Sources */,
				EE99B0B51B02855B00D5774F /* IACTraitsBrokenViewController_test.m in Sources */,
				EE99B0B71B02A09F00D5774F /* IACTraitsFixedViewController_test.m in Sources */,
				EE99B0BD1B02A2BF00D5774F /* IACDynamicNotificationsBrokenViewController_test.m in Sources */,
				2BCEC1C91B14E4D400EA5605 /* IFVBrokenViewControllerTests.m in Sources */,
				2BCEC1D31B18F31700EA5605 /* IACModalDialogueFixedViewController_test.m in Sources */,
				EE99B0BF1B02A2D300D5774F /* IACDynamicNotificationsFixedViewController_test.m in Sources */,
				EE8F8A7E1B068EBF00B8601C /* IFVBestViewControllerTests.m in Sources */,
			);
			runOnlyForDeploymentPostprocessing = 0;
		};
/* End PBXSourcesBuildPhase section */

/* Begin PBXTargetDependency section */
		A9D013E018A2DD4700DC6496 /* PBXTargetDependency */ = {
			isa = PBXTargetDependency;
			target = A9D013BE18A2DD4700DC6496 /* Accessibility 101 */;
			targetProxy = A9D013DF18A2DD4700DC6496 /* PBXContainerItemProxy */;
		};
/* End PBXTargetDependency section */

/* Begin PBXVariantGroup section */
		A9D013E418A2DD4700DC6496 /* InfoPlist.strings */ = {
			isa = PBXVariantGroup;
			children = (
				A9D013E518A2DD4700DC6496 /* en */,
			);
			name = InfoPlist.strings;
			sourceTree = "<group>";
		};
/* End PBXVariantGroup section */

/* Begin XCBuildConfiguration section */
		A9D013E918A2DD4700DC6496 /* Debug */ = {
			isa = XCBuildConfiguration;
			buildSettings = {
				ALWAYS_SEARCH_USER_PATHS = NO;
				CLANG_CXX_LANGUAGE_STANDARD = "gnu++0x";
				CLANG_CXX_LIBRARY = "libc++";
				CLANG_ENABLE_MODULES = YES;
				CLANG_ENABLE_OBJC_ARC = YES;
				CLANG_WARN_BOOL_CONVERSION = YES;
				CLANG_WARN_CONSTANT_CONVERSION = YES;
				CLANG_WARN_DIRECT_OBJC_ISA_USAGE = YES_ERROR;
				CLANG_WARN_EMPTY_BODY = YES;
				CLANG_WARN_ENUM_CONVERSION = YES;
				CLANG_WARN_INT_CONVERSION = YES;
				CLANG_WARN_OBJC_ROOT_CLASS = YES_ERROR;
				CLANG_WARN__DUPLICATE_METHOD_MATCH = YES;
				CODE_SIGN_IDENTITY = "iPhone Developer";
				"CODE_SIGN_IDENTITY[sdk=iphoneos*]" = "iPhone Developer";
				COPY_PHASE_STRIP = NO;
				GCC_C_LANGUAGE_STANDARD = gnu99;
				GCC_DYNAMIC_NO_PIC = NO;
				GCC_OPTIMIZATION_LEVEL = 0;
				GCC_PREPROCESSOR_DEFINITIONS = (
					"DEBUG=1",
					"$(inherited)",
				);
				GCC_SYMBOLS_PRIVATE_EXTERN = NO;
				GCC_WARN_64_TO_32_BIT_CONVERSION = YES;
				GCC_WARN_ABOUT_RETURN_TYPE = YES_ERROR;
				GCC_WARN_UNDECLARED_SELECTOR = YES;
				GCC_WARN_UNINITIALIZED_AUTOS = YES;
				GCC_WARN_UNUSED_FUNCTION = YES;
				GCC_WARN_UNUSED_VARIABLE = YES;
				IPHONEOS_DEPLOYMENT_TARGET = 7.0;
				ONLY_ACTIVE_ARCH = YES;
				SDKROOT = iphoneos;
				TARGETED_DEVICE_FAMILY = "1,2";
				VALIDATE_PRODUCT = YES;
			};
			name = Debug;
		};
		A9D013EA18A2DD4700DC6496 /* Release */ = {
			isa = XCBuildConfiguration;
			buildSettings = {
				ALWAYS_SEARCH_USER_PATHS = NO;
				CLANG_CXX_LANGUAGE_STANDARD = "gnu++0x";
				CLANG_CXX_LIBRARY = "libc++";
				CLANG_ENABLE_MODULES = YES;
				CLANG_ENABLE_OBJC_ARC = YES;
				CLANG_WARN_BOOL_CONVERSION = YES;
				CLANG_WARN_CONSTANT_CONVERSION = YES;
				CLANG_WARN_DIRECT_OBJC_ISA_USAGE = YES_ERROR;
				CLANG_WARN_EMPTY_BODY = YES;
				CLANG_WARN_ENUM_CONVERSION = YES;
				CLANG_WARN_INT_CONVERSION = YES;
				CLANG_WARN_OBJC_ROOT_CLASS = YES_ERROR;
				CLANG_WARN__DUPLICATE_METHOD_MATCH = YES;
				CODE_SIGN_IDENTITY = "iPhone Distribution: Deque Systems Inc";
				"CODE_SIGN_IDENTITY[sdk=iphoneos*]" = "iPhone Distribution: Deque Systems Inc";
				COPY_PHASE_STRIP = YES;
				ENABLE_NS_ASSERTIONS = NO;
				GCC_C_LANGUAGE_STANDARD = gnu99;
				GCC_WARN_64_TO_32_BIT_CONVERSION = YES;
				GCC_WARN_ABOUT_RETURN_TYPE = YES_ERROR;
				GCC_WARN_UNDECLARED_SELECTOR = YES;
				GCC_WARN_UNINITIALIZED_AUTOS = YES;
				GCC_WARN_UNUSED_FUNCTION = YES;
				GCC_WARN_UNUSED_VARIABLE = YES;
				IPHONEOS_DEPLOYMENT_TARGET = 7.0;
				SDKROOT = iphoneos;
				TARGETED_DEVICE_FAMILY = "1,2";
				VALIDATE_PRODUCT = YES;
			};
			name = Release;
		};
		A9D013EC18A2DD4700DC6496 /* Debug */ = {
			isa = XCBuildConfiguration;
			buildSettings = {
				ASSETCATALOG_COMPILER_APPICON_NAME = AppIcon;
				ASSETCATALOG_COMPILER_LAUNCHIMAGE_NAME = LaunchImage;
				CLANG_ENABLE_MODULES = YES;
				CODE_SIGN_IDENTITY = "iPhone Developer";
				"CODE_SIGN_IDENTITY[sdk=iphoneos*]" = "iPhone Developer";
				FRAMEWORK_SEARCH_PATHS = "$(inherited)";
				GCC_GENERATE_TEST_COVERAGE_FILES = YES;
				GCC_INSTRUMENT_PROGRAM_FLOW_ARCS = YES;
				GCC_PRECOMPILE_PREFIX_HEADER = YES;
				GCC_PREFIX_HEADER = "iosFireEyesInstructions/Accessibility 101-Prefix.pch";
				INFOPLIST_FILE = "iosFireEyesInstructions/Accessibility 101-Info.plist";
				IPHONEOS_DEPLOYMENT_TARGET = 8.1;
				LIBRARY_SEARCH_PATHS = (
					"$(inherited)",
					"$(PROJECT_DIR)",
				);
				PRODUCT_NAME = "Accessibility 101";
				PROVISIONING_PROFILE = "";
				TARGETED_DEVICE_FAMILY = "1,2";
				WRAPPER_EXTENSION = app;
			};
			name = Debug;
		};
		A9D013ED18A2DD4700DC6496 /* Release */ = {
			isa = XCBuildConfiguration;
			buildSettings = {
				ASSETCATALOG_COMPILER_APPICON_NAME = AppIcon;
				ASSETCATALOG_COMPILER_LAUNCHIMAGE_NAME = LaunchImage;
				CLANG_ENABLE_MODULES = YES;
				CODE_SIGN_IDENTITY = "iPhone Developer";
				"CODE_SIGN_IDENTITY[sdk=iphoneos*]" = "iPhone Developer";
				FRAMEWORK_SEARCH_PATHS = "$(inherited)";
				GCC_GENERATE_TEST_COVERAGE_FILES = YES;
				GCC_INSTRUMENT_PROGRAM_FLOW_ARCS = YES;
				GCC_PRECOMPILE_PREFIX_HEADER = YES;
				GCC_PREFIX_HEADER = "iosFireEyesInstructions/Accessibility 101-Prefix.pch";
				INFOPLIST_FILE = "iosFireEyesInstructions/Accessibility 101-Info.plist";
				IPHONEOS_DEPLOYMENT_TARGET = 8.1;
				LIBRARY_SEARCH_PATHS = (
					"$(inherited)",
					"$(PROJECT_DIR)",
				);
				PRODUCT_NAME = "Accessibility 101";
				PROVISIONING_PROFILE = "";
				TARGETED_DEVICE_FAMILY = "1,2";
				WRAPPER_EXTENSION = app;
			};
			name = Release;
		};
		A9D013EF18A2DD4700DC6496 /* Debug */ = {
			isa = XCBuildConfiguration;
			buildSettings = {
				BUNDLE_LOADER = "$(BUILT_PRODUCTS_DIR)/Accessibility 101.app/Accessibility 101";
				FRAMEWORK_SEARCH_PATHS = (
					"$(SDKROOT)/Developer/Library/Frameworks",
					"$(inherited)",
					"$(DEVELOPER_FRAMEWORKS_DIR)",
				);
				GCC_PRECOMPILE_PREFIX_HEADER = YES;
				GCC_PREFIX_HEADER = "iosFireEyesInstructions/Accessibility 101-Prefix.pch";
				GCC_PREPROCESSOR_DEFINITIONS = (
					"DEBUG=1",
					"$(inherited)",
				);
				INFOPLIST_FILE = "iosFireEyesInstructionsTests/Accessibility 101Tests-Info.plist";
				LIBRARY_SEARCH_PATHS = (
					"$(inherited)",
					"$(PROJECT_DIR)",
				);
				PRODUCT_NAME = "Accessibility 101Tests";
				TEST_HOST = "$(BUNDLE_LOADER)";
				WRAPPER_EXTENSION = xctest;
			};
			name = Debug;
		};
		A9D013F018A2DD4700DC6496 /* Release */ = {
			isa = XCBuildConfiguration;
			buildSettings = {
				BUNDLE_LOADER = "$(BUILT_PRODUCTS_DIR)/Accessibility 101.app/Accessibility 101";
				FRAMEWORK_SEARCH_PATHS = (
					"$(SDKROOT)/Developer/Library/Frameworks",
					"$(inherited)",
					"$(DEVELOPER_FRAMEWORKS_DIR)",
				);
				GCC_PRECOMPILE_PREFIX_HEADER = YES;
				GCC_PREFIX_HEADER = "iosFireEyesInstructions/Accessibility 101-Prefix.pch";
				INFOPLIST_FILE = "iosFireEyesInstructionsTests/Accessibility 101Tests-Info.plist";
				LIBRARY_SEARCH_PATHS = (
					"$(inherited)",
					"$(PROJECT_DIR)",
				);
				PRODUCT_NAME = "Accessibility 101Tests";
				TEST_HOST = "$(BUNDLE_LOADER)";
				WRAPPER_EXTENSION = xctest;
			};
			name = Release;
		};
/* End XCBuildConfiguration section */

/* Begin XCConfigurationList section */
		A9D013BA18A2DD4700DC6496 /* Build configuration list for PBXProject "Accessibility 101" */ = {
			isa = XCConfigurationList;
			buildConfigurations = (
				A9D013E918A2DD4700DC6496 /* Debug */,
				A9D013EA18A2DD4700DC6496 /* Release */,
			);
			defaultConfigurationIsVisible = 0;
			defaultConfigurationName = Release;
		};
		A9D013EB18A2DD4700DC6496 /* Build configuration list for PBXNativeTarget "Accessibility 101" */ = {
			isa = XCConfigurationList;
			buildConfigurations = (
				A9D013EC18A2DD4700DC6496 /* Debug */,
				A9D013ED18A2DD4700DC6496 /* Release */,
			);
			defaultConfigurationIsVisible = 0;
			defaultConfigurationName = Release;
		};
		A9D013EE18A2DD4700DC6496 /* Build configuration list for PBXNativeTarget "Accessibility 101Tests" */ = {
			isa = XCConfigurationList;
			buildConfigurations = (
				A9D013EF18A2DD4700DC6496 /* Debug */,
				A9D013F018A2DD4700DC6496 /* Release */,
			);
			defaultConfigurationIsVisible = 0;
			defaultConfigurationName = Release;
		};
/* End XCConfigurationList section */
	};
	rootObject = A9D013B718A2DD4700DC6496 /* Project object */;
}
